
Microsoft Visual Studio Solution File, Format Version 12.00
# Visual Studio 14
VisualStudioVersion = 14.0.24720.0
MinimumVisualStudioVersion = 10.0.40219.1
Project("{FAE04EC0-301F-11D3-BF4B-00C04F79EFBC}") = "CupStarterConsoleSharp", "CupStarterConsoleSharp.csproj", "{09387ECA-A8E4-4808-876F-A99C1DEC26AA}"
EndProject
Project("{E24C65DC-7377-472B-9ABA-BC803B73C61A}") = "src", "..\..\src\", "{2A2FC952-FE41-491F-97D5-296655512871}"
	ProjectSection(WebsiteProperties) = preProject
		TargetFrameworkMoniker = ".NETFramework,Version%3Dv4.0"
		Debug.AspNetCompiler.VirtualPath = "/localhost_50408"
		Debug.AspNetCompiler.PhysicalPath = "..\..\src\"
		Debug.AspNetCompiler.TargetPath = "PrecompiledWeb\localhost_50408\"
		Debug.AspNetCompiler.Updateable = "true"
		Debug.AspNetCompiler.ForceOverwrite = "true"
		Debug.AspNetCompiler.FixedNames = "false"
		Debug.AspNetCompiler.Debug = "True"
		Release.AspNetCompiler.VirtualPath = "/localhost_50408"
		Release.AspNetCompiler.PhysicalPath = "..\..\src\"
		Release.AspNetCompiler.TargetPath = "PrecompiledWeb\localhost_50408\"
		Release.AspNetCompiler.Updateable = "true"
		Release.AspNetCompiler.ForceOverwrite = "true"
		Release.AspNetCompiler.FixedNames = "false"
		Release.AspNetCompiler.Debug = "False"
		VWDPort = "50408"
		SlnRelativePath = "..\..\src\"
	EndProjectSection
EndProject
Project("{E24C65DC-7377-472B-9ABA-BC803B73C61A}") = "test", "..\..\test\", "{0E0D59C3-67F4-4055-963F-AAAC28C827D0}"
	ProjectSection(WebsiteProperties) = preProject
		TargetFrameworkMoniker = ".NETFramework,Version%3Dv4.0"
		Debug.AspNetCompiler.VirtualPath = "/localhost_50919"
		Debug.AspNetCompiler.PhysicalPath = "..\..\test\"
		Debug.AspNetCompiler.TargetPath = "PrecompiledWeb\localhost_50919\"
		Debug.AspNetCompiler.Updateable = "true"
		Debug.AspNetCompiler.ForceOverwrite = "true"
		Debug.AspNetCompiler.FixedNames = "false"
		Debug.AspNetCompiler.Debug = "True"
		Release.AspNetCompiler.VirtualPath = "/localhost_50919"
		Release.AspNetCompiler.PhysicalPath = "..\..\test\"
		Release.AspNetCompiler.TargetPath = "PrecompiledWeb\localhost_50919\"
		Release.AspNetCompiler.Updateable = "true"
		Release.AspNetCompiler.ForceOverwrite = "true"
		Release.AspNetCompiler.FixedNames = "false"
		Release.AspNetCompiler.Debug = "False"
		VWDPort = "50919"
		SlnRelativePath = "..\..\test\"
	EndProjectSection
EndProject
Project("{2150E333-8FDC-42A3-9474-1A3956D46DE8}") = "Doc", "Doc", "{6A8A7184-7454-402D-A68F-02587B2015D0}"
	ProjectSection(SolutionItems) = preProject
		..\..\doc\Todo.txt = ..\..\doc\Todo.txt
	EndProjectSection
EndProject
Project("{2150E333-8FDC-42A3-9474-1A3956D46DE8}") = "Extensions", "Extensions", "{582A449E-82ED-4EA1-9076-7DEDB73E4307}"
EndProject
Project("{8BC9CEB8-8B4A-11D0-8D11-00A0C91BC942}") = "TressetteAlphaBeta", "..\..\extensions\TressetteAlphaBeta\TressetteAlphaBeta.vcxproj", "{81300606-5048-47E8-B065-61B6C19C4003}"
EndProject
Project("{FAE04EC0-301F-11D3-BF4B-00C04F79EFBC}") = "ConsoleTestTressetteAlphaBeta", "..\..\extensions\ConsoleTestTressetteAlphaBeta\ConsoleTestTressetteAlphaBeta.csproj", "{C5EED422-3AEB-4122-A8A8-814FF93DD14B}"
EndProject
Global
	GlobalSection(SolutionConfigurationPlatforms) = preSolution
		Debug|Any CPU = Debug|Any CPU
		Debug|Mixed Platforms = Debug|Mixed Platforms
		Debug|x64 = Debug|x64
		Debug|x86 = Debug|x86
		Release|Any CPU = Release|Any CPU
		Release|Mixed Platforms = Release|Mixed Platforms
		Release|x64 = Release|x64
		Release|x86 = Release|x86
	EndGlobalSection
	GlobalSection(ProjectConfigurationPlatforms) = postSolution
		{09387ECA-A8E4-4808-876F-A99C1DEC26AA}.Debug|Any CPU.ActiveCfg = Debug|x86
		{09387ECA-A8E4-4808-876F-A99C1DEC26AA}.Debug|Mixed Platforms.ActiveCfg = Debug|x86
		{09387ECA-A8E4-4808-876F-A99C1DEC26AA}.Debug|Mixed Platforms.Build.0 = Debug|x86
		{09387ECA-A8E4-4808-876F-A99C1DEC26AA}.Debug|x64.ActiveCfg = Debug|x86
		{09387ECA-A8E4-4808-876F-A99C1DEC26AA}.Debug|x86.ActiveCfg = Debug|x86
		{09387ECA-A8E4-4808-876F-A99C1DEC26AA}.Debug|x86.Build.0 = Debug|x86
		{09387ECA-A8E4-4808-876F-A99C1DEC26AA}.Release|Any CPU.ActiveCfg = Release|x86
		{09387ECA-A8E4-4808-876F-A99C1DEC26AA}.Release|Mixed Platforms.ActiveCfg = Release|x86
		{09387ECA-A8E4-4808-876F-A99C1DEC26AA}.Release|Mixed Platforms.Build.0 = Release|x86
		{09387ECA-A8E4-4808-876F-A99C1DEC26AA}.Release|x64.ActiveCfg = Release|x86
		{09387ECA-A8E4-4808-876F-A99C1DEC26AA}.Release|x86.ActiveCfg = Release|x86
		{09387ECA-A8E4-4808-876F-A99C1DEC26AA}.Release|x86.Build.0 = Release|x86
		{2A2FC952-FE41-491F-97D5-296655512871}.Debug|Any CPU.ActiveCfg = Debug|Any CPU
		{2A2FC952-FE41-491F-97D5-296655512871}.Debug|Any CPU.Build.0 = Debug|Any CPU
		{2A2FC952-FE41-491F-97D5-296655512871}.Debug|Mixed Platforms.ActiveCfg = Debug|Any CPU
		{2A2FC952-FE41-491F-97D5-296655512871}.Debug|Mixed Platforms.Build.0 = Debug|Any CPU
		{2A2FC952-FE41-491F-97D5-296655512871}.Debug|x64.ActiveCfg = Debug|Any CPU
		{2A2FC952-FE41-491F-97D5-296655512871}.Debug|x64.Build.0 = Debug|Any CPU
		{2A2FC952-FE41-491F-97D5-296655512871}.Debug|x86.ActiveCfg = Debug|Any CPU
		{2A2FC952-FE41-491F-97D5-296655512871}.Debug|x86.Build.0 = Debug|Any CPU
		{2A2FC952-FE41-491F-97D5-296655512871}.Release|Any CPU.ActiveCfg = Debug|Any CPU
		{2A2FC952-FE41-491F-97D5-296655512871}.Release|Any CPU.Build.0 = Debug|Any CPU
		{2A2FC952-FE41-491F-97D5-296655512871}.Release|Mixed Platforms.ActiveCfg = Debug|Any CPU
		{2A2FC952-FE41-491F-97D5-296655512871}.Release|Mixed Platforms.Build.0 = Debug|Any CPU
		{2A2FC952-FE41-491F-97D5-296655512871}.Release|x64.ActiveCfg = Debug|Any CPU
		{2A2FC952-FE41-491F-97D5-296655512871}.Release|x64.Build.0 = Debug|Any CPU
		{2A2FC952-FE41-491F-97D5-296655512871}.Release|x86.ActiveCfg = Debug|Any CPU
		{2A2FC952-FE41-491F-97D5-296655512871}.Release|x86.Build.0 = Debug|Any CPU
		{0E0D59C3-67F4-4055-963F-AAAC28C827D0}.Debug|Any CPU.ActiveCfg = Debug|Any CPU
		{0E0D59C3-67F4-4055-963F-AAAC28C827D0}.Debug|Any CPU.Build.0 = Debug|Any CPU
		{0E0D59C3-67F4-4055-963F-AAAC28C827D0}.Debug|Mixed Platforms.ActiveCfg = Debug|Any CPU
		{0E0D59C3-67F4-4055-963F-AAAC28C827D0}.Debug|Mixed Platforms.Build.0 = Debug|Any CPU
		{0E0D59C3-67F4-4055-963F-AAAC28C827D0}.Debug|x64.ActiveCfg = Debug|Any CPU
		{0E0D59C3-67F4-4055-963F-AAAC28C827D0}.Debug|x64.Build.0 = Debug|Any CPU
		{0E0D59C3-67F4-4055-963F-AAAC28C827D0}.Debug|x86.ActiveCfg = Debug|Any CPU
		{0E0D59C3-67F4-4055-963F-AAAC28C827D0}.Debug|x86.Build.0 = Debug|Any CPU
		{0E0D59C3-67F4-4055-963F-AAAC28C827D0}.Release|Any CPU.ActiveCfg = Debug|Any CPU
		{0E0D59C3-67F4-4055-963F-AAAC28C827D0}.Release|Any CPU.Build.0 = Debug|Any CPU
		{0E0D59C3-67F4-4055-963F-AAAC28C827D0}.Release|Mixed Platforms.ActiveCfg = Debug|Any CPU
		{0E0D59C3-67F4-4055-963F-AAAC28C827D0}.Release|Mixed Platforms.Build.0 = Debug|Any CPU
		{0E0D59C3-67F4-4055-963F-AAAC28C827D0}.Release|x64.ActiveCfg = Debug|Any CPU
		{0E0D59C3-67F4-4055-963F-AAAC28C827D0}.Release|x64.Build.0 = Debug|Any CPU
		{0E0D59C3-67F4-4055-963F-AAAC28C827D0}.Release|x86.ActiveCfg = Debug|Any CPU
		{0E0D59C3-67F4-4055-963F-AAAC28C827D0}.Release|x86.Build.0 = Debug|Any CPU
		{81300606-5048-47E8-B065-61B6C19C4003}.Debug|Any CPU.ActiveCfg = Debug|Win32
		{81300606-5048-47E8-B065-61B6C19C4003}.Debug|Mixed Platforms.ActiveCfg = Debug|Win32
		{81300606-5048-47E8-B065-61B6C19C4003}.Debug|Mixed Platforms.Build.0 = Debug|Win32
		{81300606-5048-47E8-B065-61B6C19C4003}.Debug|x64.ActiveCfg = Debug|x64
		{81300606-5048-47E8-B065-61B6C19C4003}.Debug|x64.Build.0 = Debug|x64
		{81300606-5048-47E8-B065-61B6C19C4003}.Debug|x86.ActiveCfg = Debug|Win32
		{81300606-5048-47E8-B065-61B6C19C4003}.Debug|x86.Build.0 = Debug|Win32
		{81300606-5048-47E8-B065-61B6C19C4003}.Release|Any CPU.ActiveCfg = Release|Win32
		{81300606-5048-47E8-B065-61B6C19C4003}.Release|Mixed Platforms.ActiveCfg = Release|Win32
		{81300606-5048-47E8-B065-61B6C19C4003}.Release|Mixed Platforms.Build.0 = Release|Win32
		{81300606-5048-47E8-B065-61B6C19C4003}.Release|x64.ActiveCfg = Release|x64
		{81300606-5048-47E8-B065-61B6C19C4003}.Release|x64.Build.0 = Release|x64
		{81300606-5048-47E8-B065-61B6C19C4003}.Release|x86.ActiveCfg = Release|Win32
		{81300606-5048-47E8-B065-61B6C19C4003}.Release|x86.Build.0 = Release|Win32
		{C5EED422-3AEB-4122-A8A8-814FF93DD14B}.Debug|Any CPU.ActiveCfg = Debug|Any CPU
		{C5EED422-3AEB-4122-A8A8-814FF93DD14B}.Debug|Any CPU.Build.0 = Debug|Any CPU
		{C5EED422-3AEB-4122-A8A8-814FF93DD14B}.Debug|Mixed Platforms.ActiveCfg = Debug|Any CPU
		{C5EED422-3AEB-4122-A8A8-814FF93DD14B}.Debug|Mixed Platforms.Build.0 = Debug|Any CPU
		{C5EED422-3AEB-4122-A8A8-814FF93DD14B}.Debug|x64.ActiveCfg = Debug|Any CPU
		{C5EED422-3AEB-4122-A8A8-814FF93DD14B}.Debug|x64.Build.0 = Debug|Any CPU
		{C5EED422-3AEB-4122-A8A8-814FF93DD14B}.Debug|x86.ActiveCfg = Debug|Any CPU
		{C5EED422-3AEB-4122-A8A8-814FF93DD14B}.Debug|x86.Build.0 = Debug|Any CPU
		{C5EED422-3AEB-4122-A8A8-814FF93DD14B}.Release|Any CPU.ActiveCfg = Release|Any CPU
		{C5EED422-3AEB-4122-A8A8-814FF93DD14B}.Release|Any CPU.Build.0 = Release|Any CPU
		{C5EED422-3AEB-4122-A8A8-814FF93DD14B}.Release|Mixed Platforms.ActiveCfg = Release|Any CPU
		{C5EED422-3AEB-4122-A8A8-814FF93DD14B}.Release|Mixed Platforms.Build.0 = Release|Any CPU
		{C5EED422-3AEB-4122-A8A8-814FF93DD14B}.Release|x64.ActiveCfg = Release|Any CPU
		{C5EED422-3AEB-4122-A8A8-814FF93DD14B}.Release|x64.Build.0 = Release|Any CPU
		{C5EED422-3AEB-4122-A8A8-814FF93DD14B}.Release|x86.ActiveCfg = Release|Any CPU
		{C5EED422-3AEB-4122-A8A8-814FF93DD14B}.Release|x86.Build.0 = Release|Any CPU
	EndGlobalSection
	GlobalSection(SolutionProperties) = preSolution
		HideSolutionNode = FALSE
	EndGlobalSection
	GlobalSection(NestedProjects) = preSolution
		{81300606-5048-47E8-B065-61B6C19C4003} = {582A449E-82ED-4EA1-9076-7DEDB73E4307}
		{C5EED422-3AEB-4122-A8A8-814FF93DD14B} = {582A449E-82ED-4EA1-9076-7DEDB73E4307}
	EndGlobalSection
EndGlobal
