
Microsoft Visual Studio Solution File, Format Version 12.00
# Visual Studio 14
VisualStudioVersion = 14.0.24720.0
MinimumVisualStudioVersion = 10.0.40219.1
Project("{FAE04EC0-301F-11D3-BF4B-00C04F79EFBC}") = "CupStarterConsoleSharp", "CupStarterConsoleSharp.csproj", "{09387ECA-A8E4-4808-876F-A99C1DEC26AA}"
EndProject
Project("{2150E333-8FDC-42A3-9474-1A3956D46DE8}") = "App", "App", "{AF898248-DFBD-4700-80C4-3BD8B5DC0921}"
EndProject
Project("{2150E333-8FDC-42A3-9474-1A3956D46DE8}") = "Src", "Src", "{3AE696F8-8F1C-4D76-BD7D-BEB46638BD86}"
	ProjectSection(SolutionItems) = preProject
		..\..\src\cuperativa_gui.rb = ..\..\src\cuperativa_gui.rb
		..\..\src\start_cuperativa.rb = ..\..\src\start_cuperativa.rb
	EndProjectSection
EndProject
Project("{2150E333-8FDC-42A3-9474-1A3956D46DE8}") = "base", "base", "{0F46C141-2036-49C1-A687-735599594BF8}"
EndProject
Project("{2150E333-8FDC-42A3-9474-1A3956D46DE8}") = "games", "games", "{F53EA5AA-6181-4DDC-BE94-46BEBE8BF6A6}"
EndProject
Project("{2150E333-8FDC-42A3-9474-1A3956D46DE8}") = "crash_reporter", "crash_reporter", "{104BA244-C4BB-4F52-8C0F-F46A25385C47}"
	ProjectSection(SolutionItems) = preProject
		..\..\src\crash_reporter\crash_reporter.rb = ..\..\src\crash_reporter\crash_reporter.rb
	EndProjectSection
EndProject
Project("{2150E333-8FDC-42A3-9474-1A3956D46DE8}") = "core", "core", "{72E7A632-55EC-4572-929A-954FC693A0C2}"
	ProjectSection(SolutionItems) = preProject
		..\..\src\base\core\core_game_base.rb = ..\..\src\base\core\core_game_base.rb
		..\..\src\base\core\cup_strings.rb = ..\..\src\base\core\cup_strings.rb
		..\..\src\base\core\deck_info.rb = ..\..\src\base\core\deck_info.rb
		..\..\src\base\core\game_replayer.rb = ..\..\src\base\core\game_replayer.rb
		..\..\src\base\core\gameavail_hlp.rb = ..\..\src\base\core\gameavail_hlp.rb
		..\..\src\base\core\mod_core_queue.rb = ..\..\src\base\core\mod_core_queue.rb
		..\..\src\base\core\player_on_game.rb = ..\..\src\base\core\player_on_game.rb
		..\..\src\base\core\sound_manager.rb = ..\..\src\base\core\sound_manager.rb
		..\..\src\base\core\viewer_base.rb = ..\..\src\base\core\viewer_base.rb
		..\..\src\base\core\web_launcher.rb = ..\..\src\base\core\web_launcher.rb
	EndProjectSection
EndProject
Project("{2150E333-8FDC-42A3-9474-1A3956D46DE8}") = "gfx_comp", "gfx_comp", "{EFBD2D51-EA02-41B2-B1B7-9603DC1F45E4}"
	ProjectSection(SolutionItems) = preProject
		..\..\src\base\gfx_comp\cardsdisapp_gfxc.rb = ..\..\src\base\gfx_comp\cardsdisapp_gfxc.rb
		..\..\src\base\gfx_comp\cardsplayer_gfxc.rb = ..\..\src\base\gfx_comp\cardsplayer_gfxc.rb
		..\..\src\base\gfx_comp\cardstaken_gxc.rb = ..\..\src\base\gfx_comp\cardstaken_gxc.rb
		..\..\src\base\gfx_comp\component_base.rb = ..\..\src\base\gfx_comp\component_base.rb
		..\..\src\base\gfx_comp\deckmain_gxc.rb = ..\..\src\base\gfx_comp\deckmain_gxc.rb
		..\..\src\base\gfx_comp\graphical_composite.rb = ..\..\src\base\gfx_comp\graphical_composite.rb
		..\..\src\base\gfx_comp\labels_gxc.rb = ..\..\src\base\gfx_comp\labels_gxc.rb
		..\..\src\base\gfx_comp\messbox_gfxc.rb = ..\..\src\base\gfx_comp\messbox_gfxc.rb
		..\..\src\base\gfx_comp\model_canvas_gfx.rb = ..\..\src\base\gfx_comp\model_canvas_gfx.rb
		..\..\src\base\gfx_comp\smazzata_mbox_gfx.rb = ..\..\src\base\gfx_comp\smazzata_mbox_gfx.rb
		..\..\src\base\gfx_comp\table_partecipate_gxc.rb = ..\..\src\base\gfx_comp\table_partecipate_gxc.rb
		..\..\src\base\gfx_comp\tablecards_gxc.rb = ..\..\src\base\gfx_comp\tablecards_gxc.rb
		..\..\src\base\gfx_comp\turnplayer_gfcx.rb = ..\..\src\base\gfx_comp\turnplayer_gfcx.rb
	EndProjectSection
EndProject
Project("{2150E333-8FDC-42A3-9474-1A3956D46DE8}") = "gfx_elements", "gfx_elements", "{0105B093-5AF6-4321-8B6B-3A5AA5607398}"
	ProjectSection(SolutionItems) = preProject
		..\..\src\base\gfx_elements\button_gfx.rb = ..\..\src\base\gfx_elements\button_gfx.rb
		..\..\src\base\gfx_elements\card_gfx.rb = ..\..\src\base\gfx_elements\card_gfx.rb
		..\..\src\base\gfx_elements\clickable_gfx.rb = ..\..\src\base\gfx_elements\clickable_gfx.rb
		..\..\src\base\gfx_elements\label_gfx.rb = ..\..\src\base\gfx_elements\label_gfx.rb
		..\..\src\base\gfx_elements\message_box_gfx.rb = ..\..\src\base\gfx_elements\message_box_gfx.rb
		..\..\src\base\gfx_elements\points_shower_gfx.rb = ..\..\src\base\gfx_elements\points_shower_gfx.rb
		..\..\src\base\gfx_elements\simple_image_gfx.rb = ..\..\src\base\gfx_elements\simple_image_gfx.rb
		..\..\src\base\gfx_elements\taken_cards_gfx.rb = ..\..\src\base\gfx_elements\taken_cards_gfx.rb
		..\..\src\base\gfx_elements\turn_marker_gfx.rb = ..\..\src\base\gfx_elements\turn_marker_gfx.rb
	EndProjectSection
EndProject
Project("{2150E333-8FDC-42A3-9474-1A3956D46DE8}") = "gfx_general", "gfx_general", "{608E629C-B043-455F-A9EF-7C9E5EF26224}"
	ProjectSection(SolutionItems) = preProject
		..\..\src\base\gfx_general\about_dlg.rb = ..\..\src\base\gfx_general\about_dlg.rb
		..\..\src\base\gfx_general\base_engine_gfx.rb = ..\..\src\base\gfx_general\base_engine_gfx.rb
		..\..\src\base\gfx_general\gfx_elements.rb = ..\..\src\base\gfx_general\gfx_elements.rb
		..\..\src\base\gfx_general\gfx_gamewindow.rb = ..\..\src\base\gfx_general\gfx_gamewindow.rb
		..\..\src\base\gfx_general\listgames_dlg.rb = ..\..\src\base\gfx_general\listgames_dlg.rb
		..\..\src\base\gfx_general\modal_msg_box.rb = ..\..\src\base\gfx_general\modal_msg_box.rb
		..\..\src\base\gfx_general\swupdate_dlg.rb = ..\..\src\base\gfx_general\swupdate_dlg.rb
		..\..\src\base\gfx_general\table_seat_gfx.rb = ..\..\src\base\gfx_general\table_seat_gfx.rb
	EndProjectSection
EndProject
Project("{2150E333-8FDC-42A3-9474-1A3956D46DE8}") = "options", "options", "{C734B60D-9FEA-4AD3-AB43-5334C0ACBB06}"
	ProjectSection(SolutionItems) = preProject
		..\..\src\base\options\basic_dlg_options_setter.rb = ..\..\src\base\options\basic_dlg_options_setter.rb
		..\..\src\base\options\cards_options_dlg.rb = ..\..\src\base\options\cards_options_dlg.rb
		..\..\src\base\options\cuperat_options_dlg.rb = ..\..\src\base\options\cuperat_options_dlg.rb
		..\..\src\base\options\names_options_dlg.rb = ..\..\src\base\options\names_options_dlg.rb
		..\..\src\base\options\netw_gen_options_dlg.rb = ..\..\src\base\options\netw_gen_options_dlg.rb
		..\..\src\base\options\other_options_dlg.rb = ..\..\src\base\options\other_options_dlg.rb
		..\..\src\base\options\proxy_options_dlg.rb = ..\..\src\base\options\proxy_options_dlg.rb
	EndProjectSection
EndProject
Project("{2150E333-8FDC-42A3-9474-1A3956D46DE8}") = "briscola", "briscola", "{BA61030A-4C3B-4815-A637-5962FEB108E8}"
	ProjectSection(SolutionItems) = preProject
		..\..\src\games\briscola\alg_cpu_briscola.rb = ..\..\src\games\briscola\alg_cpu_briscola.rb
		..\..\src\games\briscola\briscola_gfx.rb = ..\..\src\games\briscola\briscola_gfx.rb
		..\..\src\games\briscola\core_game_briscola.rb = ..\..\src\games\briscola\core_game_briscola.rb
		..\..\src\games\briscola\game_info = ..\..\src\games\briscola\game_info
	EndProjectSection
EndProject
Project("{2150E333-8FDC-42A3-9474-1A3956D46DE8}") = "briscola5", "briscola5", "{E2EEA763-79E6-4271-A723-B326557E5459}"
	ProjectSection(SolutionItems) = preProject
		..\..\src\games\briscola5\alg_cpu_briscola5.rb = ..\..\src\games\briscola5\alg_cpu_briscola5.rb
		..\..\src\games\briscola5\briscola5_gfx.rb = ..\..\src\games\briscola5\briscola5_gfx.rb
		..\..\src\games\briscola5\chiamata_mgr.rb = ..\..\src\games\briscola5\chiamata_mgr.rb
		..\..\src\games\briscola5\core_game_briscola5.rb = ..\..\src\games\briscola5\core_game_briscola5.rb
		..\..\src\games\briscola5\game_info = ..\..\src\games\briscola5\game_info
	EndProjectSection
EndProject
Project("{2150E333-8FDC-42A3-9474-1A3956D46DE8}") = "briscolone", "briscolone", "{E92A0841-2C6B-40DC-BE6E-97E9FB5726B9}"
	ProjectSection(SolutionItems) = preProject
		..\..\src\games\briscolone\alg_cpu_briscolone.rb = ..\..\src\games\briscolone\alg_cpu_briscolone.rb
		..\..\src\games\briscolone\briscolone_gfx.rb = ..\..\src\games\briscolone\briscolone_gfx.rb
		..\..\src\games\briscolone\core_game_briscolone.rb = ..\..\src\games\briscolone\core_game_briscolone.rb
		..\..\src\games\briscolone\game_info = ..\..\src\games\briscolone\game_info
	EndProjectSection
EndProject
Project("{2150E333-8FDC-42A3-9474-1A3956D46DE8}") = "mariazza", "mariazza", "{75AEA403-67F9-41EB-83E5-2F890E52D1B7}"
	ProjectSection(SolutionItems) = preProject
		..\..\src\games\mariazza\alg_cpu_mariazza.rb = ..\..\src\games\mariazza\alg_cpu_mariazza.rb
		..\..\src\games\mariazza\core_game_mariazza.rb = ..\..\src\games\mariazza\core_game_mariazza.rb
		..\..\src\games\mariazza\game_info = ..\..\src\games\mariazza\game_info
		..\..\src\games\mariazza\mariazza_gfx.rb = ..\..\src\games\mariazza\mariazza_gfx.rb
	EndProjectSection
EndProject
Project("{2150E333-8FDC-42A3-9474-1A3956D46DE8}") = "scala40", "scala40", "{550A2D2B-B276-42A7-AEEC-9DF7831D7F72}"
	ProjectSection(SolutionItems) = preProject
		..\..\src\games\scala40\alg_cpu_scala40.rb = ..\..\src\games\scala40\alg_cpu_scala40.rb
		..\..\src\games\scala40\core_game_scala40.rb = ..\..\src\games\scala40\core_game_scala40.rb
		..\..\src\games\scala40\game_info = ..\..\src\games\scala40\game_info
		..\..\src\games\scala40\scala40_gfx.rb = ..\..\src\games\scala40\scala40_gfx.rb
	EndProjectSection
EndProject
Project("{2150E333-8FDC-42A3-9474-1A3956D46DE8}") = "scopetta", "scopetta", "{CA00B639-F77F-4443-B796-604A80B80B0F}"
	ProjectSection(SolutionItems) = preProject
		..\..\src\games\scopetta\alg_cpu_scopetta.rb = ..\..\src\games\scopetta\alg_cpu_scopetta.rb
		..\..\src\games\scopetta\core_game_scopetta.rb = ..\..\src\games\scopetta\core_game_scopetta.rb
		..\..\src\games\scopetta\game_info = ..\..\src\games\scopetta\game_info
		..\..\src\games\scopetta\scopetta_gfx.rb = ..\..\src\games\scopetta\scopetta_gfx.rb
	EndProjectSection
EndProject
Project("{2150E333-8FDC-42A3-9474-1A3956D46DE8}") = "spazzino", "spazzino", "{C6EBBA39-D711-4FBC-92FE-B6D7FE489BBD}"
	ProjectSection(SolutionItems) = preProject
		..\..\src\games\spazzino\alg_cpu_spazzino.rb = ..\..\src\games\spazzino\alg_cpu_spazzino.rb
		..\..\src\games\spazzino\core_game_spazzino.rb = ..\..\src\games\spazzino\core_game_spazzino.rb
		..\..\src\games\spazzino\game_info = ..\..\src\games\spazzino\game_info
		..\..\src\games\spazzino\spazzino_gfx.rb = ..\..\src\games\spazzino\spazzino_gfx.rb
	EndProjectSection
EndProject
Project("{2150E333-8FDC-42A3-9474-1A3956D46DE8}") = "tombolon", "tombolon", "{A43584C8-D97B-4A2E-9ED0-7DEF702F3D35}"
	ProjectSection(SolutionItems) = preProject
		..\..\src\games\tombolon\alg_cpu_tombolon.rb = ..\..\src\games\tombolon\alg_cpu_tombolon.rb
		..\..\src\games\tombolon\core_game_tombolon.rb = ..\..\src\games\tombolon\core_game_tombolon.rb
		..\..\src\games\tombolon\game_info = ..\..\src\games\tombolon\game_info
		..\..\src\games\tombolon\tombolon_gfx.rb = ..\..\src\games\tombolon\tombolon_gfx.rb
	EndProjectSection
EndProject
Project("{2150E333-8FDC-42A3-9474-1A3956D46DE8}") = "tressette", "tressette", "{9B4470EA-3696-4424-8A70-72902CE337A5}"
	ProjectSection(SolutionItems) = preProject
		..\..\src\games\tressette\alg_cpu_tressette.rb = ..\..\src\games\tressette\alg_cpu_tressette.rb
		..\..\src\games\tressette\core_game_tressette.rb = ..\..\src\games\tressette\core_game_tressette.rb
		..\..\src\games\tressette\game_info = ..\..\src\games\tressette\game_info
		..\..\src\games\tressette\tressette_gfx.rb = ..\..\src\games\tressette\tressette_gfx.rb
	EndProjectSection
EndProject
Project("{2150E333-8FDC-42A3-9474-1A3956D46DE8}") = "images", "images", "{AF81F55B-2F35-4151-A731-95FA694784B8}"
	ProjectSection(SolutionItems) = preProject
		..\..\src\games\tressette\images\bambu_129.png = ..\..\src\games\tressette\images\bambu_129.png
		..\..\src\games\tressette\images\sfondofoglie_98.png = ..\..\src\games\tressette\images\sfondofoglie_98.png
	EndProjectSection
EndProject
Project("{2150E333-8FDC-42A3-9474-1A3956D46DE8}") = "tressettein4", "tressettein4", "{1E94E46F-6AAF-4095-BEA0-073150082259}"
	ProjectSection(SolutionItems) = preProject
		..\..\src\games\tressettein4\alg_cpu_tressettein4.rb = ..\..\src\games\tressettein4\alg_cpu_tressettein4.rb
		..\..\src\games\tressettein4\core_game_tressettein4.rb = ..\..\src\games\tressettein4\core_game_tressettein4.rb
		..\..\src\games\tressettein4\game_info = ..\..\src\games\tressettein4\game_info
		..\..\src\games\tressettein4\tressettein4_gfx.rb = ..\..\src\games\tressettein4\tressettein4_gfx.rb
	EndProjectSection
EndProject
Project("{2150E333-8FDC-42A3-9474-1A3956D46DE8}") = "test", "test", "{AAE81AF3-4B33-4A59-9868-3E6AE191A24E}"
	ProjectSection(SolutionItems) = preProject
		..\..\test\fakestuff.rb = ..\..\test\fakestuff.rb
		..\..\test\run_all_tests.rb = ..\..\test\run_all_tests.rb
		..\..\test\test_canvas.rb = ..\..\test\test_canvas.rb
		..\..\test\test_client_protocol.rb = ..\..\test\test_client_protocol.rb
	EndProjectSection
EndProject
Project("{2150E333-8FDC-42A3-9474-1A3956D46DE8}") = "briscola", "briscola", "{623CF242-9634-485D-AFEA-F127A764840F}"
	ProjectSection(SolutionItems) = preProject
		..\..\test\briscola\test_alg_briscola.rb = ..\..\test\briscola\test_alg_briscola.rb
		..\..\test\briscola\test_core_briscola.rb = ..\..\test\briscola\test_core_briscola.rb
		..\..\test\briscola\test_viewer_briscola.rb = ..\..\test\briscola\test_viewer_briscola.rb
	EndProjectSection
EndProject
Project("{2150E333-8FDC-42A3-9474-1A3956D46DE8}") = "briscola5", "briscola5", "{F3FDDBF2-BDF0-4261-8D37-871A6A9CBE7F}"
	ProjectSection(SolutionItems) = preProject
		..\..\test\briscola5\test_core_briscola5.rb = ..\..\test\briscola5\test_core_briscola5.rb
	EndProjectSection
EndProject
Project("{2150E333-8FDC-42A3-9474-1A3956D46DE8}") = "briscolone", "briscolone", "{5983B11C-21B6-4399-ABC4-5572484A07E3}"
	ProjectSection(SolutionItems) = preProject
		..\..\test\briscolone\test_core_briscolone.rb = ..\..\test\briscolone\test_core_briscolone.rb
	EndProjectSection
EndProject
Project("{2150E333-8FDC-42A3-9474-1A3956D46DE8}") = "gfx", "gfx", "{0D43E6DE-7AB1-4B6C-B084-F96803129EC7}"
	ProjectSection(SolutionItems) = preProject
		..\..\test\gfx\test_basecontrol_gfx.rb = ..\..\test\gfx\test_basecontrol_gfx.rb
		..\..\test\gfx\test_canvasdraw.rb = ..\..\test\gfx\test_canvasdraw.rb
		..\..\test\gfx\test_dialogbox.rb = ..\..\test\gfx\test_dialogbox.rb
	EndProjectSection
EndProject
Project("{2150E333-8FDC-42A3-9474-1A3956D46DE8}") = "mariazza", "mariazza", "{C2746A29-2C76-44F0-B12A-3E59A813656B}"
	ProjectSection(SolutionItems) = preProject
		..\..\test\mariazza\test_alg_mariazza.rb = ..\..\test\mariazza\test_alg_mariazza.rb
		..\..\test\mariazza\test_mariazza.rb = ..\..\test\mariazza\test_mariazza.rb
	EndProjectSection
EndProject
Project("{2150E333-8FDC-42A3-9474-1A3956D46DE8}") = "scopetta", "scopetta", "{4034AB47-8E26-4FEF-B3E8-DD49F1A3B14C}"
	ProjectSection(SolutionItems) = preProject
		..\..\test\scopetta\test_core_scopetta.rb = ..\..\test\scopetta\test_core_scopetta.rb
	EndProjectSection
EndProject
Project("{2150E333-8FDC-42A3-9474-1A3956D46DE8}") = "spazzino", "spazzino", "{EE3F9713-B6E5-4713-AADF-CD6B7A2E944D}"
	ProjectSection(SolutionItems) = preProject
		..\..\test\spazzino\test_core_spazzino.rb = ..\..\test\spazzino\test_core_spazzino.rb
	EndProjectSection
EndProject
Project("{2150E333-8FDC-42A3-9474-1A3956D46DE8}") = "tombolon", "tombolon", "{643814EF-F49E-4302-8D32-D7F830318814}"
	ProjectSection(SolutionItems) = preProject
		..\..\test\tombolon\test_core_tombolon.rb = ..\..\test\tombolon\test_core_tombolon.rb
	EndProjectSection
EndProject
Project("{2150E333-8FDC-42A3-9474-1A3956D46DE8}") = "tressette", "tressette", "{2CA285FE-F80D-4719-A53B-B00ADCD016BD}"
	ProjectSection(SolutionItems) = preProject
		..\..\test\tressette\test_core_tressette.rb = ..\..\test\tressette\test_core_tressette.rb
		..\..\test\tressette\test_core_tressettein4.rb = ..\..\test\tressette\test_core_tressettein4.rb
	EndProjectSection
EndProject
Project("{2150E333-8FDC-42A3-9474-1A3956D46DE8}") = "inv_controls", "inv_controls", "{E97A3BB8-5E08-446B-A59A-7B5623265948}"
	ProjectSection(SolutionItems) = preProject
		..\..\src\inv_controls\inv_button.rb = ..\..\src\inv_controls\inv_button.rb
		..\..\src\inv_controls\inv_container.rb = ..\..\src\inv_controls\inv_container.rb
		..\..\src\inv_controls\inv_image.rb = ..\..\src\inv_controls\inv_image.rb
		..\..\src\inv_controls\inv_label.rb = ..\..\src\inv_controls\inv_label.rb
		..\..\src\inv_controls\inv_theme.rb = ..\..\src\inv_controls\inv_theme.rb
		..\..\src\inv_controls\inv_widget.rb = ..\..\src\inv_controls\inv_widget.rb
	EndProjectSection
EndProject
Global
	GlobalSection(SolutionConfigurationPlatforms) = preSolution
		Debug|Any CPU = Debug|Any CPU
		Debug|Mixed Platforms = Debug|Mixed Platforms
		Debug|x86 = Debug|x86
		Release|Any CPU = Release|Any CPU
		Release|Mixed Platforms = Release|Mixed Platforms
		Release|x86 = Release|x86
	EndGlobalSection
	GlobalSection(ProjectConfigurationPlatforms) = postSolution
		{09387ECA-A8E4-4808-876F-A99C1DEC26AA}.Debug|Any CPU.ActiveCfg = Debug|x86
		{09387ECA-A8E4-4808-876F-A99C1DEC26AA}.Debug|Mixed Platforms.ActiveCfg = Debug|x86
		{09387ECA-A8E4-4808-876F-A99C1DEC26AA}.Debug|Mixed Platforms.Build.0 = Debug|x86
		{09387ECA-A8E4-4808-876F-A99C1DEC26AA}.Debug|x86.ActiveCfg = Debug|x86
		{09387ECA-A8E4-4808-876F-A99C1DEC26AA}.Debug|x86.Build.0 = Debug|x86
		{09387ECA-A8E4-4808-876F-A99C1DEC26AA}.Release|Any CPU.ActiveCfg = Release|x86
		{09387ECA-A8E4-4808-876F-A99C1DEC26AA}.Release|Mixed Platforms.ActiveCfg = Release|x86
		{09387ECA-A8E4-4808-876F-A99C1DEC26AA}.Release|Mixed Platforms.Build.0 = Release|x86
		{09387ECA-A8E4-4808-876F-A99C1DEC26AA}.Release|x86.ActiveCfg = Release|x86
		{09387ECA-A8E4-4808-876F-A99C1DEC26AA}.Release|x86.Build.0 = Release|x86
	EndGlobalSection
	GlobalSection(SolutionProperties) = preSolution
		HideSolutionNode = FALSE
	EndGlobalSection
	GlobalSection(NestedProjects) = preSolution
		{3AE696F8-8F1C-4D76-BD7D-BEB46638BD86} = {AF898248-DFBD-4700-80C4-3BD8B5DC0921}
		{0F46C141-2036-49C1-A687-735599594BF8} = {3AE696F8-8F1C-4D76-BD7D-BEB46638BD86}
		{F53EA5AA-6181-4DDC-BE94-46BEBE8BF6A6} = {3AE696F8-8F1C-4D76-BD7D-BEB46638BD86}
		{104BA244-C4BB-4F52-8C0F-F46A25385C47} = {3AE696F8-8F1C-4D76-BD7D-BEB46638BD86}
		{72E7A632-55EC-4572-929A-954FC693A0C2} = {0F46C141-2036-49C1-A687-735599594BF8}
		{EFBD2D51-EA02-41B2-B1B7-9603DC1F45E4} = {0F46C141-2036-49C1-A687-735599594BF8}
		{0105B093-5AF6-4321-8B6B-3A5AA5607398} = {0F46C141-2036-49C1-A687-735599594BF8}
		{608E629C-B043-455F-A9EF-7C9E5EF26224} = {0F46C141-2036-49C1-A687-735599594BF8}
		{C734B60D-9FEA-4AD3-AB43-5334C0ACBB06} = {0F46C141-2036-49C1-A687-735599594BF8}
		{BA61030A-4C3B-4815-A637-5962FEB108E8} = {F53EA5AA-6181-4DDC-BE94-46BEBE8BF6A6}
		{E2EEA763-79E6-4271-A723-B326557E5459} = {F53EA5AA-6181-4DDC-BE94-46BEBE8BF6A6}
		{E92A0841-2C6B-40DC-BE6E-97E9FB5726B9} = {F53EA5AA-6181-4DDC-BE94-46BEBE8BF6A6}
		{75AEA403-67F9-41EB-83E5-2F890E52D1B7} = {F53EA5AA-6181-4DDC-BE94-46BEBE8BF6A6}
		{550A2D2B-B276-42A7-AEEC-9DF7831D7F72} = {F53EA5AA-6181-4DDC-BE94-46BEBE8BF6A6}
		{CA00B639-F77F-4443-B796-604A80B80B0F} = {F53EA5AA-6181-4DDC-BE94-46BEBE8BF6A6}
		{C6EBBA39-D711-4FBC-92FE-B6D7FE489BBD} = {F53EA5AA-6181-4DDC-BE94-46BEBE8BF6A6}
		{A43584C8-D97B-4A2E-9ED0-7DEF702F3D35} = {F53EA5AA-6181-4DDC-BE94-46BEBE8BF6A6}
		{9B4470EA-3696-4424-8A70-72902CE337A5} = {F53EA5AA-6181-4DDC-BE94-46BEBE8BF6A6}
		{AF81F55B-2F35-4151-A731-95FA694784B8} = {9B4470EA-3696-4424-8A70-72902CE337A5}
		{1E94E46F-6AAF-4095-BEA0-073150082259} = {F53EA5AA-6181-4DDC-BE94-46BEBE8BF6A6}
		{AAE81AF3-4B33-4A59-9868-3E6AE191A24E} = {3AE696F8-8F1C-4D76-BD7D-BEB46638BD86}
		{623CF242-9634-485D-AFEA-F127A764840F} = {AAE81AF3-4B33-4A59-9868-3E6AE191A24E}
		{F3FDDBF2-BDF0-4261-8D37-871A6A9CBE7F} = {AAE81AF3-4B33-4A59-9868-3E6AE191A24E}
		{5983B11C-21B6-4399-ABC4-5572484A07E3} = {AAE81AF3-4B33-4A59-9868-3E6AE191A24E}
		{0D43E6DE-7AB1-4B6C-B084-F96803129EC7} = {AAE81AF3-4B33-4A59-9868-3E6AE191A24E}
		{C2746A29-2C76-44F0-B12A-3E59A813656B} = {AAE81AF3-4B33-4A59-9868-3E6AE191A24E}
		{4034AB47-8E26-4FEF-B3E8-DD49F1A3B14C} = {AAE81AF3-4B33-4A59-9868-3E6AE191A24E}
		{EE3F9713-B6E5-4713-AADF-CD6B7A2E944D} = {AAE81AF3-4B33-4A59-9868-3E6AE191A24E}
		{643814EF-F49E-4302-8D32-D7F830318814} = {AAE81AF3-4B33-4A59-9868-3E6AE191A24E}
		{2CA285FE-F80D-4719-A53B-B00ADCD016BD} = {AAE81AF3-4B33-4A59-9868-3E6AE191A24E}
		{E97A3BB8-5E08-446B-A59A-7B5623265948} = {3AE696F8-8F1C-4D76-BD7D-BEB46638BD86}
	EndGlobalSection
EndGlobal
